<?xml version="1.0" encoding="utf-8"?>
<Project ToolsVersion="4.0" xmlns="http://schemas.microsoft.com/developer/msbuild/2003">
  <ItemGroup>
    <Filter Include="Source Files">
      <UniqueIdentifier>{4FC737F1-C7A5-4376-A066-2A32D752A2FF}</UniqueIdentifier>
      <Extensions>cpp;c;cc;cxx;c++;cppm;ixx;def;odl;idl;hpj;bat;asm;asmx</Extensions>
    </Filter>
    <Filter Include="Header Files">
      <UniqueIdentifier>{93995380-89BD-4b04-88EB-625FBE52EBFB}</UniqueIdentifier>
      <Extensions>h;hh;hpp;hxx;h++;hm;inl;inc;ipp;xsd</Extensions>
    </Filter>
    <Filter Include="Source Files\menu">
      <UniqueIdentifier>{f49c3d1b-71cc-49ef-96ae-eb24a61ea5de}</UniqueIdentifier>
    </Filter>
    <Filter Include="Source Files\render">
      <UniqueIdentifier>{9d3068dd-4909-4ef6-adb7-2ccb7cfdb24c}</UniqueIdentifier>
    </Filter>
  </ItemGroup>
  <ItemGroup>
    <ClInclude Include="includes.h">
      <Filter>Header Files</Filter>
    </ClInclude>
    <ClInclude Include="menu\font.h">
      <Filter>Header Files</Filter>
    </ClInclude>
    <ClInclude Include="menu\menu.h">
      <Filter>Source Files\menu</Filter>
    </ClInclude>
    <ClInclude Include="external\imgui\imconfig.h">
      <Filter>Header Files</Filter>
    </ClInclude>
    <ClInclude Include="external\imgui\imgui.h">
      <Filter>Header Files</Filter>
    </ClInclude>
    <ClInclude Include="external\imgui\imgui_freetype.h">
      <Filter>Header Files</Filter>
    </ClInclude>
    <ClInclude Include="external\imgui\imgui_impl_dx11.h">
      <Filter>Header Files</Filter>
    </ClInclude>
    <ClInclude Include="external\imgui\imgui_impl_win32.h">
      <Filter>Header Files</Filter>
    </ClInclude>
    <ClInclude Include="external\imgui\imgui_internal.h">
      <Filter>Header Files</Filter>
    </ClInclude>
    <ClInclude Include="external\imgui\imgui_settings.h">
      <Filter>Header Files</Filter>
    </ClInclude>
    <ClInclude Include="external\imgui\imstb_rectpack.h">
      <Filter>Header Files</Filter>
    </ClInclude>
    <ClInclude Include="external\imgui\imstb_textedit.h">
      <Filter>Header Files</Filter>
    </ClInclude>
    <ClInclude Include="external\imgui\imstb_truetype.h">
      <Filter>Header Files</Filter>
    </ClInclude>
    <ClInclude Include="external\imgui\stb_sprintf.h">
      <Filter>Header Files</Filter>
    </ClInclude>
    <ClInclude Include="external\imgui\stb_image.h">
      <Filter>Header Files</Filter>
    </ClInclude>
    <ClInclude Include="external\kiero\kiero.h">
      <Filter>Header Files</Filter>
    </ClInclude>
    <ClInclude Include="external\kiero\win32_impl.h">
      <Filter>Header Files</Filter>
    </ClInclude>
    <ClInclude Include="external\kiero\d3d11_impl.h">
      <Filter>Header Files</Filter>
    </ClInclude>
    <ClInclude Include="globals.h">
      <Filter>Header Files</Filter>
    </ClInclude>
    <ClInclude Include="utility\math.hpp">
      <Filter>Header Files</Filter>
    </ClInclude>
    <ClInclude Include="utility\memory.h">
      <Filter>Header Files</Filter>
    </ClInclude>
    <ClInclude Include="ow\entity.h">
      <Filter>Header Files</Filter>
    </ClInclude>
    <ClInclude Include="utility\offsets.h">
      <Filter>Header Files</Filter>
    </ClInclude>
    <ClInclude Include="ow\components\component\component.h">
      <Filter>Header Files</Filter>
    </ClInclude>
    <ClInclude Include="ow\components\model\model.h">
      <Filter>Header Files</Filter>
    </ClInclude>
    <ClInclude Include="ow\components\connection\connection.h">
      <Filter>Header Files</Filter>
    </ClInclude>
    <ClInclude Include="ow\sdk\decryption\decrypt.h">
      <Filter>Header Files</Filter>
    </ClInclude>
    <ClInclude Include="base\base.h">
      <Filter>Header Files</Filter>
    </ClInclude>
    <ClInclude Include="base\update\update.h">
      <Filter>Header Files</Filter>
    </ClInclude>
    <ClInclude Include="ow\components\health\health.h">
      <Filter>Header Files</Filter>
    </ClInclude>
    <ClInclude Include="ow\components\outline\outline.h">
      <Filter>Header Files</Filter>
    </ClInclude>
    <ClInclude Include="ow\components\controller\controller.h">
      <Filter>Header Files</Filter>
    </ClInclude>
    <ClInclude Include="base\config\config.h">
      <Filter>Header Files</Filter>
    </ClInclude>
    <ClInclude Include="base\features\features.h">
      <Filter>Header Files</Filter>
    </ClInclude>
    <ClInclude Include="ow\components\hero\hero.h">
      <Filter>Header Files</Filter>
    </ClInclude>
    <ClInclude Include="ow\sdk\sdk.h">
      <Filter>Header Files</Filter>
    </ClInclude>
    <ClInclude Include="ow\components\rotate\rotate.h">
      <Filter>Header Files</Filter>
    </ClInclude>
    <ClInclude Include="ow\components\team\team.h">
      <Filter>Header Files</Filter>
    </ClInclude>
    <ClInclude Include="ow\components\state\state.h">
      <Filter>Header Files</Filter>
    </ClInclude>
    <ClInclude Include="base\features\aim\aim.h">
      <Filter>Header Files</Filter>
    </ClInclude>
    <ClInclude Include="base\features\visuals\visuals.h">
      <Filter>Header Files</Filter>
    </ClInclude>
    <ClInclude Include="ow\components\tag\tag.h">
      <Filter>Header Files</Filter>
    </ClInclude>
    <ClInclude Include="external\imgui\Hotkey.h">
      <Filter>Header Files</Filter>
    </ClInclude>
    <ClInclude Include="external\imgui\InputUtil.h">
      <Filter>Header Files</Filter>
    </ClInclude>
    <ClInclude Include="ow\components\components.h">
      <Filter>Header Files</Filter>
    </ClInclude>
    <ClInclude Include="base\features\misc\misc.h">
      <Filter>Header Files</Filter>
    </ClInclude>
    <ClInclude Include="external\bdshemu\bddisasm.h">
      <Filter>Header Files</Filter>
    </ClInclude>
    <ClInclude Include="external\bdshemu\bdshemu.h">
      <Filter>Header Files</Filter>
    </ClInclude>
    <ClInclude Include="external\include\capstone\aarch64.h">
      <Filter>Header Files</Filter>
    </ClInclude>
    <ClInclude Include="external\include\capstone\alpha.h">
      <Filter>Header Files</Filter>
    </ClInclude>
    <ClInclude Include="external\include\capstone\arm.h">
      <Filter>Header Files</Filter>
    </ClInclude>
    <ClInclude Include="external\include\capstone\arm64.h">
      <Filter>Header Files</Filter>
    </ClInclude>
    <ClInclude Include="external\include\capstone\bpf.h">
      <Filter>Header Files</Filter>
    </ClInclude>
    <ClInclude Include="external\include\capstone\capstone.h">
      <Filter>Header Files</Filter>
    </ClInclude>
    <ClInclude Include="external\include\capstone\cs_operand.h">
      <Filter>Header Files</Filter>
    </ClInclude>
    <ClInclude Include="external\include\capstone\evm.h">
      <Filter>Header Files</Filter>
    </ClInclude>
    <ClInclude Include="external\include\capstone\hppa.h">
      <Filter>Header Files</Filter>
    </ClInclude>
    <ClInclude Include="external\include\capstone\loongarch.h">
      <Filter>Header Files</Filter>
    </ClInclude>
    <ClInclude Include="external\include\capstone\m68k.h">
      <Filter>Header Files</Filter>
    </ClInclude>
    <ClInclude Include="external\include\capstone\m680x.h">
      <Filter>Header Files</Filter>
    </ClInclude>
    <ClInclude Include="external\include\capstone\mips.h">
      <Filter>Header Files</Filter>
    </ClInclude>
    <ClInclude Include="external\include\capstone\mos65xx.h">
      <Filter>Header Files</Filter>
    </ClInclude>
    <ClInclude Include="external\include\capstone\platform.h">
      <Filter>Header Files</Filter>
    </ClInclude>
    <ClInclude Include="external\include\capstone\ppc.h">
      <Filter>Header Files</Filter>
    </ClInclude>
    <ClInclude Include="external\include\capstone\riscv.h">
      <Filter>Header Files</Filter>
    </ClInclude>
    <ClInclude Include="external\include\capstone\sh.h">
      <Filter>Header Files</Filter>
    </ClInclude>
    <ClInclude Include="external\include\capstone\sparc.h">
      <Filter>Header Files</Filter>
    </ClInclude>
    <ClInclude Include="external\include\capstone\systemz.h">
      <Filter>Header Files</Filter>
    </ClInclude>
    <ClInclude Include="external\include\capstone\tms320c64x.h">
      <Filter>Header Files</Filter>
    </ClInclude>
    <ClInclude Include="external\include\capstone\tricore.h">
      <Filter>Header Files</Filter>
    </ClInclude>
    <ClInclude Include="external\include\capstone\wasm.h">
      <Filter>Header Files</Filter>
    </ClInclude>
    <ClInclude Include="external\include\capstone\x86.h">
      <Filter>Header Files</Filter>
    </ClInclude>
    <ClInclude Include="external\include\capstone\xcore.h">
      <Filter>Header Files</Filter>
    </ClInclude>
    <ClInclude Include="external\bdshemu\bddisasm_status.h">
      <Filter>Header Files</Filter>
    </ClInclude>
    <ClInclude Include="external\bdshemu\bddisasm_types.h">
      <Filter>Header Files</Filter>
    </ClInclude>
    <ClInclude Include="external\bdshemu\bddisasm_version.h">
      <Filter>Header Files</Filter>
    </ClInclude>
    <ClInclude Include="external\bdshemu\bdshemu_x86.h">
      <Filter>Header Files</Filter>
    </ClInclude>
    <ClInclude Include="external\bdshemu\bdx86_constants.h">
      <Filter>Header Files</Filter>
    </ClInclude>
    <ClInclude Include="external\bdshemu\bdx86_core.h">
      <Filter>Header Files</Filter>
    </ClInclude>
    <ClInclude Include="external\bdshemu\bdx86_cpuidflags.h">
      <Filter>Header Files</Filter>
    </ClInclude>
    <ClInclude Include="external\bdshemu\bdx86_instructions.h">
      <Filter>Header Files</Filter>
    </ClInclude>
    <ClInclude Include="external\bdshemu\bdx86_mnemonics.h">
      <Filter>Header Files</Filter>
    </ClInclude>
    <ClInclude Include="external\bdshemu\bdx86_prefixes.h">
      <Filter>Header Files</Filter>
    </ClInclude>
    <ClInclude Include="external\bdshemu\bdx86_registers.h">
      <Filter>Header Files</Filter>
    </ClInclude>
    <ClInclude Include="external\bdshemu\bdx86_table_evex.h">
      <Filter>Header Files</Filter>
    </ClInclude>
    <ClInclude Include="external\bdshemu\bdx86_table_root.h">
      <Filter>Header Files</Filter>
    </ClInclude>
    <ClInclude Include="external\bdshemu\bdx86_table_vex.h">
      <Filter>Header Files</Filter>
    </ClInclude>
    <ClInclude Include="external\bdshemu\bdx86_table_xop.h">
      <Filter>Header Files</Filter>
    </ClInclude>
    <ClInclude Include="external\bdshemu\bdx86_tabledefs.h">
      <Filter>Header Files</Filter>
    </ClInclude>
    <ClInclude Include="external\include\bdshemu\bdx86_instructions.h">
      <Filter>Header Files</Filter>
    </ClInclude>
    <ClInclude Include="external\include\bdshemu\bdx86_mnemonics.h">
      <Filter>Header Files</Filter>
    </ClInclude>
    <ClInclude Include="external\include\bdshemu\bdx86_prefixes.h">
      <Filter>Header Files</Filter>
    </ClInclude>
    <ClInclude Include="external\include\bdshemu\bdx86_table_evex.h">
      <Filter>Header Files</Filter>
    </ClInclude>
    <ClInclude Include="external\include\bdshemu\bdx86_table_root.h">
      <Filter>Header Files</Filter>
    </ClInclude>
    <ClInclude Include="external\include\bdshemu\bdx86_table_vex.h">
      <Filter>Header Files</Filter>
    </ClInclude>
    <ClInclude Include="external\include\bdshemu\bdx86_table_xop.h">
      <Filter>Header Files</Filter>
    </ClInclude>
    <ClInclude Include="external\include\bdshemu\bdx86_tabledefs.h">
      <Filter>Header Files</Filter>
    </ClInclude>
    <ClInclude Include="external\include\bdshemu\bddisasm_crt.h">
      <Filter>Header Files</Filter>
    </ClInclude>
    <ClInclude Include="external\include\bdshemu\inc\bddisasm.h">
      <Filter>Header Files</Filter>
    </ClInclude>
    <ClInclude Include="external\include\bdshemu\inc\bddisasm_status.h">
      <Filter>Header Files</Filter>
    </ClInclude>
    <ClInclude Include="external\include\bdshemu\inc\bddisasm_types.h">
      <Filter>Header Files</Filter>
    </ClInclude>
    <ClInclude Include="external\include\bdshemu\inc\bddisasm_version.h">
      <Filter>Header Files</Filter>
    </ClInclude>
    <ClInclude Include="external\include\bdshemu\inc\bdshemu.h">
      <Filter>Header Files</Filter>
    </ClInclude>
    <ClInclude Include="external\include\bdshemu\inc\bdshemu_x86.h">
      <Filter>Header Files</Filter>
    </ClInclude>
    <ClInclude Include="external\include\bdshemu\inc\bdx86_constants.h">
      <Filter>Header Files</Filter>
    </ClInclude>
    <ClInclude Include="external\include\bdshemu\inc\bdx86_core.h">
      <Filter>Header Files</Filter>
    </ClInclude>
    <ClInclude Include="external\include\bdshemu\inc\bdx86_cpuidflags.h">
      <Filter>Header Files</Filter>
    </ClInclude>
    <ClInclude Include="external\include\bdshemu\inc\bdx86_registers.h">
      <Filter>Header Files</Filter>
    </ClInclude>
  </ItemGroup>
  <ItemGroup>
    <ClCompile Include="dllmain.cpp">
      <Filter>Source Files</Filter>
    </ClCompile>
    <ClCompile Include="external\imgui\imgui.cpp">
      <Filter>Source Files</Filter>
    </ClCompile>
    <ClCompile Include="external\imgui\imgui_draw.cpp">
      <Filter>Source Files</Filter>
    </ClCompile>
    <ClCompile Include="external\imgui\imgui_freetype.cpp">
      <Filter>Source Files</Filter>
    </ClCompile>
    <ClCompile Include="external\imgui\imgui_impl_dx11.cpp">
      <Filter>Source Files</Filter>
    </ClCompile>
    <ClCompile Include="external\imgui\imgui_impl_win32.cpp">
      <Filter>Source Files</Filter>
    </ClCompile>
    <ClCompile Include="external\imgui\imgui_tables.cpp">
      <Filter>Source Files</Filter>
    </ClCompile>
    <ClCompile Include="external\imgui\imgui_widgets.cpp">
      <Filter>Source Files</Filter>
    </ClCompile>
    <ClCompile Include="external\kiero\kiero.cpp">
      <Filter>Source Files</Filter>
    </ClCompile>
    <ClCompile Include="external\kiero\win32_impl.cpp">
      <Filter>Source Files</Filter>
    </ClCompile>
    <ClCompile Include="external\kiero\d3d11_impl.cpp">
      <Filter>Source Files</Filter>
    </ClCompile>
    <ClCompile Include="ow\entity.cpp">
      <Filter>Source Files</Filter>
    </ClCompile>
    <ClCompile Include="ow\sdk\decryption\decrypt.cpp">
      <Filter>Source Files</Filter>
    </ClCompile>
    <ClCompile Include="base\base.cpp">
      <Filter>Source Files</Filter>
    </ClCompile>
    <ClCompile Include="base\update\update.cpp">
      <Filter>Source Files</Filter>
    </ClCompile>
    <ClCompile Include="base\config\config.cpp">
      <Filter>Source Files</Filter>
    </ClCompile>
    <ClCompile Include="base\features\features.cpp">
      <Filter>Source Files</Filter>
    </ClCompile>
    <ClCompile Include="ow\sdk\sdk.cpp">
      <Filter>Source Files</Filter>
    </ClCompile>
    <ClCompile Include="base\features\aim\aim.cpp">
      <Filter>Source Files</Filter>
    </ClCompile>
    <ClCompile Include="base\features\visuals\visuals.cpp">
      <Filter>Source Files</Filter>
    </ClCompile>
    <ClCompile Include="external\imgui\Hotkey.cpp">
      <Filter>Source Files</Filter>
    </ClCompile>
    <ClCompile Include="external\imgui\InputUtil.cpp">
      <Filter>Source Files</Filter>
    </ClCompile>
    <ClCompile Include="base\features\misc\misc.cpp">
      <Filter>Source Files</Filter>
    </ClCompile>
    <ClCompile Include="ow\components\connection\connection.cpp">
      <Filter>Source Files</Filter>
    </ClCompile>
    <ClCompile Include="ow\components\controller\controller.cpp">
      <Filter>Source Files</Filter>
    </ClCompile>
    <ClCompile Include="ow\components\health\health.cpp">
      <Filter>Source Files</Filter>
    </ClCompile>
    <ClCompile Include="ow\components\hero\hero.cpp">
      <Filter>Source Files</Filter>
    </ClCompile>
    <ClCompile Include="ow\components\model\model.cpp">
      <Filter>Source Files</Filter>
    </ClCompile>
    <ClCompile Include="ow\components\outline\outline.cpp">
      <Filter>Source Files</Filter>
    </ClCompile>
    <ClCompile Include="ow\components\rotate\rotate.cpp">
      <Filter>Source Files</Filter>
    </ClCompile>
    <ClCompile Include="external\bdshemu.cpp">
      <Filter>Source Files</Filter>
    </ClCompile>
  </ItemGroup>
  <ItemGroup>
    <Library Include="external\lib\capstone.lib" />
  </ItemGroup>
  <ItemGroup>
    <MASM Include="ow\sdk\decryption\eidolon_decryption.masm" />
  </ItemGroup>
</Project>